
Microsoft Visual Studio Solution File, Format Version 12.00
# Visual Studio Version 17
VisualStudioVersion = 17.11.35327.3
MinimumVisualStudioVersion = 10.0.40219.1
Project("{FAE04EC0-301F-11D3-BF4B-00C04F79EFBC}") = "AnalyticsProvider", "AnalyticsProvider\AnalyticsProvider.csproj", "{26BBD442-9028-4ED3-B27D-F56089AD37B2}"
EndProject
Global
	GlobalSection(SolutionConfigurationPlatforms) = preSolution
		Debug|Any CPU = Debug|Any CPU
		Release|Any CPU = Release|Any CPU
	EndGlobalSection
	GlobalSection(ProjectConfigurationPlatforms) = postSolution
		{26BBD442-9028-4ED3-B27D-F56089AD37B2}.Debug|Any CPU.ActiveCfg = Debug|Any CPU
		{26BBD442-9028-4ED3-B27D-F56089AD37B2}.Debug|Any CPU.Build.0 = Debug|Any CPU
		{26BBD442-9028-4ED3-B27D-F56089AD37B2}.Release|Any CPU.ActiveCfg = Release|Any CPU
		{26BBD442-9028-4ED3-B27D-F56089AD37B2}.Release|Any CPU.Build.0 = Release|Any CPU
	EndGlobalSection
	GlobalSection(SolutionProperties) = preSolution
		HideSolutionNode = FALSE
	EndGlobalSection
	GlobalSection(ExtensibilityGlobals) = postSolution
		SolutionGuid = {0768A5AD-C5A4-4C66-92A4-2562024D91D6}
	EndGlobalSection
EndGlobal
